<?xml version="1.0" encoding="utf-8"?>
<Project ToolsVersion="4.0" xmlns="http://schemas.microsoft.com/developer/msbuild/2003">
  <ItemGroup>
    <Filter Include="Source Files">
      <UniqueIdentifier>{4FC737F1-C7A5-4376-A066-2A32D752A2FF}</UniqueIdentifier>
      <Extensions>cpp;c;cc;cxx;c++;cppm;ixx;def;odl;idl;hpj;bat;asm;asmx</Extensions>
    </Filter>
    <Filter Include="Header Files">
      <UniqueIdentifier>{93995380-89BD-4b04-88EB-625FBE52EBFB}</UniqueIdentifier>
      <Extensions>h;hh;hpp;hxx;h++;hm;inl;inc;ipp;xsd</Extensions>
    </Filter>
    <Filter Include="Resource Files">
      <UniqueIdentifier>{67DA6AB6-F800-4c08-8B7A-83BB121AAD01}</UniqueIdentifier>
      <Extensions>rc;ico;cur;bmp;dlg;rc2;rct;bin;rgs;gif;jpg;jpeg;jpe;resx;tiff;tif;png;wav;mfcribbon-ms</Extensions>
    </Filter>
  </ItemGroup>
  <ItemGroup>
    <ClInclude Include="framework.h">
      <Filter>Header Files</Filter>
    </ClInclude>
    <ClInclude Include="targetver.h">
      <Filter>Header Files</Filter>
    </ClInclude>
    <ClInclude Include="dwmapi.h">
      <Filter>Header Files</Filter>
    </ClInclude>
    <ClInclude Include="Headers\CalcBOM.h">
      <Filter>Header Files</Filter>
    </ClInclude>
    <ClInclude Include="Headers\CenterPanel.h">
      <Filter>Header Files</Filter>
    </ClInclude>
    <ClInclude Include="Headers\CraftingPanel.h">
      <Filter>Header Files</Filter>
    </ClInclude>
    <ClInclude Include="Headers\ItemRegistry.h">
      <Filter>Header Files</Filter>
    </ClInclude>
    <ClInclude Include="Headers\Items_Armor.h">
      <Filter>Header Files</Filter>
    </ClInclude>
    <ClInclude Include="Headers\Items_Axe.h">
      <Filter>Header Files</Filter>
    </ClInclude>
    <ClInclude Include="Headers\Items_Belt.h">
      <Filter>Header Files</Filter>
    </ClInclude>
    <ClInclude Include="Headers\Items_Bow.h">
      <Filter>Header Files</Filter>
    </ClInclude>
    <ClInclude Include="Headers\Items_Cane.h">
      <Filter>Header Files</Filter>
    </ClInclude>
    <ClInclude Include="Headers\Items_Cloak.h">
      <Filter>Header Files</Filter>
    </ClInclude>
    <ClInclude Include="Headers\Items_Costume.h">
      <Filter>Header Files</Filter>
    </ClInclude>
    <ClInclude Include="Headers\Items_Crystal.h">
      <Filter>Header Files</Filter>
    </ClInclude>
    <ClInclude Include="Headers\Items_FishingTool.h">
      <Filter>Header Files</Filter>
    </ClInclude>
    <ClInclude Include="Headers\Items_Food.h">
      <Filter>Header Files</Filter>
    </ClInclude>
    <ClInclude Include="Headers\Items_Gun.h">
      <Filter>Header Files</Filter>
    </ClInclude>
    <ClInclude Include="Headers\Items_Hat.h">
      <Filter>Header Files</Filter>
    </ClInclude>
    <ClInclude Include="Headers\items_Helmet.h">
      <Filter>Header Files</Filter>
    </ClInclude>
    <ClInclude Include="Headers\Items_Ironware.h">
      <Filter>Header Files</Filter>
    </ClInclude>
    <ClInclude Include="Headers\Items_Medicine.h">
      <Filter>Header Files</Filter>
    </ClInclude>
    <ClInclude Include="Headers\Items_Necklace.h">
      <Filter>Header Files</Filter>
    </ClInclude>
    <ClInclude Include="Headers\Items_Other.h">
      <Filter>Header Files</Filter>
    </ClInclude>
    <ClInclude Include="Headers\Items_Pottery.h">
      <Filter>Header Files</Filter>
    </ClInclude>
    <ClInclude Include="Headers\Items_Ring.h">
      <Filter>Header Files</Filter>
    </ClInclude>
    <ClInclude Include="Headers\Items_Shoe.h">
      <Filter>Header Files</Filter>
    </ClInclude>
    <ClInclude Include="Headers\Items_Spear.h">
      <Filter>Header Files</Filter>
    </ClInclude>
    <ClInclude Include="Headers\Items_Stationery.h">
      <Filter>Header Files</Filter>
    </ClInclude>
    <ClInclude Include="Headers\Items_Sword.h">
      <Filter>Header Files</Filter>
    </ClInclude>
    <ClInclude Include="Headers\ManuTool.h">
      <Filter>Header Files</Filter>
    </ClInclude>
    <ClInclude Include="Headers\RecipeModel.h">
      <Filter>Header Files</Filter>
    </ClInclude>
    <ClInclude Include="Headers\SkillsPanel.h">
      <Filter>Header Files</Filter>
    </ClInclude>
    <ClInclude Include="Recipes\RecipeRegistrationHelpers.h">
      <Filter>Header Files</Filter>
    </ClInclude>
    <ClInclude Include="Recipes\RecipeModules.h">
      <Filter>Header Files</Filter>
    </ClInclude>
    <ClInclude Include="resource.h">
      <Filter>Header Files</Filter>
    </ClInclude>
  </ItemGroup>
  <ItemGroup>
    <ClCompile Include="ManuTool.cpp">
      <Filter>Source Files</Filter>
    </ClCompile>
    <ClCompile Include="CraftingPanel.cpp">
      <Filter>Source Files</Filter>
    </ClCompile>
    <ClCompile Include="CalcBOM.cpp">
      <Filter>Source Files</Filter>
    </ClCompile>
    <ClCompile Include="RecipeModel.cpp">
      <Filter>Source Files</Filter>
    </ClCompile>
    <ClCompile Include="CenterPanel.cpp">
      <Filter>Source Files</Filter>
    </ClCompile>
    <ClCompile Include="Recipes\BaseMaterials.cpp">
      <Filter>Source Files</Filter>
    </ClCompile>
    <ClCompile Include="Recipes\CompoundMaterials.cpp">
      <Filter>Source Files</Filter>
    </ClCompile>
    <ClCompile Include="Recipes\Tools.cpp">
      <Filter>Source Files</Filter>
    </ClCompile>
    <ClCompile Include="Recipes\Cane.cpp">
      <Filter>Source Files</Filter>
    </ClCompile>
    <ClCompile Include="Recipes\Food.cpp">
      <Filter>Source Files</Filter>
    </ClCompile>
    <ClCompile Include="Recipes\Medicine.cpp">
      <Filter>Source Files</Filter>
    </ClCompile>
    <ClCompile Include="Recipes\Armor.cpp">
      <Filter>Source Files</Filter>
    </ClCompile>
    <ClCompile Include="Recipes\Axe.cpp">
      <Filter>Source Files</Filter>
    </ClCompile>
    <ClCompile Include="Recipes\Belt.cpp">
      <Filter>Source Files</Filter>
    </ClCompile>
    <ClCompile Include="Recipes\Bow.cpp">
      <Filter>Source Files</Filter>
    </ClCompile>
    <ClCompile Include="Recipes\Gun.cpp">
      <Filter>Source Files</Filter>
    </ClCompile>
    <ClCompile Include="Recipes\Helmet.cpp">
      <Filter>Source Files</Filter>
    </ClCompile>
    <ClCompile Include="Recipes\Shoes.cpp">
      <Filter>Source Files</Filter>
    </ClCompile>
    <ClCompile Include="Recipes\Spear.cpp">
      <Filter>Source Files</Filter>
    </ClCompile>
    <ClCompile Include="Recipes\Sword.cpp">
      <Filter>Source Files</Filter>
    </ClCompile>
    <ClCompile Include="Recipes\Ironware.cpp">
      <Filter>Source Files</Filter>
    </ClCompile>
    <ClCompile Include="Recipes\Pottery.cpp">
      <Filter>Source Files</Filter>
    </ClCompile>
    <ClCompile Include="Recipes\Crystal.cpp">
      <Filter>Source Files</Filter>
    </ClCompile>
    <ClCompile Include="Recipes\Stationery.cpp">
      <Filter>Source Files</Filter>
    </ClCompile>
    <ClCompile Include="Recipes\FishingTool.cpp">
      <Filter>Source Files</Filter>
    </ClCompile>
    <ClCompile Include="Recipes\Other.cpp">
      <Filter>Source Files</Filter>
    </ClCompile>
    <ClCompile Include="Recipes\Cloak.cpp">
      <Filter>Source Files</Filter>
    </ClCompile>
    <ClCompile Include="Recipes\Clothes.cpp">
      <Filter>Source Files</Filter>
    </ClCompile>
    <ClCompile Include="Recipes\Hat.cpp">
      <Filter>Source Files</Filter>
    </ClCompile>
    <ClCompile Include="Recipes\Ring.cpp">
      <Filter>Source Files</Filter>
    </ClCompile>
    <ClCompile Include="Recipes\Necklace.cpp">
      <Filter>Source Files</Filter>
    </ClCompile>
  </ItemGroup>
  <ItemGroup>
    <ResourceCompile Include="ManuTool.rc">
      <Filter>Resource Files</Filter>
    </ResourceCompile>
  </ItemGroup>
  <ItemGroup>
    <Image Include="small.ico">
      <Filter>Resource Files</Filter>
    </Image>
    <Image Include="ManuTool.ico">
      <Filter>Resource Files</Filter>
    </Image>
    <Image Include="res\EvilRaccoonHammer.ico">
      <Filter>Resource Files</Filter>
    </Image>
    <Image Include="res\icon1.ico">
      <Filter>Resource Files</Filter>
    </Image>
    <Image Include="res\EvilRaccoonHammerSmall.ico">
      <Filter>Resource Files</Filter>
    </Image>
  </ItemGroup>
</Project>